{
  "nodes": {
    "emacs": {
      "locked": {
        "lastModified": 1628673814,
        "narHash": "sha256-tQP1VzgjuyCLgi0B/uQTIiLLCyl4lXgNiKa782sHCO4=",
        "owner": "nix-community",
        "repo": "emacs-overlay",
        "rev": "bcdec43110889f63968b653cacd1bc542d8ba42b",
        "type": "github"
      },
      "original": {
        "owner": "nix-community",
        "repo": "emacs-overlay",
        "type": "github"
      }
    },
    "flake-compat": {
      "flake": false,
      "locked": {
        "lastModified": 1606424373,
        "narHash": "sha256-oq8d4//CJOrVj+EcOaSXvMebvuTkmBJuT5tzlfewUnQ=",
        "owner": "edolstra",
        "repo": "flake-compat",
        "rev": "99f1c2157fba4bfe6211a321fd0ee43199025dbf",
        "type": "github"
      },
      "original": {
        "owner": "edolstra",
        "repo": "flake-compat",
        "type": "github"
      }
    },
    "flake-utils": {
      "locked": {
        "lastModified": 1617631617,
        "narHash": "sha256-PARRCz55qN3gy07VJZIlFeOX420d0nGF0RzGI/9hVlw=",
        "owner": "numtide",
        "repo": "flake-utils",
        "rev": "b2c27d1a81b0dc266270fa8aeecebbd1807fc610",
        "type": "github"
      },
      "original": {
        "owner": "numtide",
        "repo": "flake-utils",
        "type": "github"
      }
    },
    "home-manager": {
      "inputs": {
        "nixpkgs": "nixpkgs"
      },
      "locked": {
        "lastModified": 1628631012,
        "narHash": "sha256-/QEIuwoWeELkAZAOx3uqLr1xsVeGdo8KKgnDUhQtcr8=",
        "owner": "nix-community",
        "repo": "home-manager",
        "rev": "a4a83078976025f2dc6aaca35b20880735f7baa3",
        "type": "github"
      },
      "original": {
        "owner": "nix-community",
        "repo": "home-manager",
        "type": "github"
      }
    },
    "neuron": {
      "inputs": {
        "flake-compat": "flake-compat",
        "flake-utils": "flake-utils",
        "nixpkgs": "nixpkgs_2"
      },
      "locked": {
        "lastModified": 1628429501,
        "narHash": "sha256-Vf/zB3qDA24hGXcVKRZYx7PGTGR2k+kp4JuLFJFaTx8=",
        "owner": "srid",
        "repo": "neuron",
        "rev": "998fce27ccc91231ef9757e2bebeb39327850092",
        "type": "github"
      },
      "original": {
        "owner": "srid",
        "repo": "neuron",
        "type": "github"
      }
    },
    "nixos-hw": {
      "locked": {
        "lastModified": 1628440507,
        "narHash": "sha256-xXnG0f3fuuCbBpiVuzsIOd59AMgTGNE0/tAhMV+oEHY=",
        "owner": "NixOS",
        "repo": "nixos-hardware",
        "rev": "7da029f26849f8696ac49652312c9171bf9eb170",
        "type": "github"
      },
      "original": {
        "owner": "NixOS",
        "repo": "nixos-hardware",
        "type": "github"
      }
    },
    "nixpkgs": {
      "locked": {
        "lastModified": 1628605906,
        "narHash": "sha256-XqCCPDIIG4zMPJ/V757FgzGM2zypcRb1BY7u/DqHKX0=",
        "path": "/nix/store/p0h1j2zd5hm9wj3513kg82hf81g24xka-source",
        "rev": "fe01052444c1d66ed6ef76df2af798c9769e9e79",
        "type": "path"
      },
      "original": {
        "id": "nixpkgs",
        "type": "indirect"
      }
    },
    "nixpkgs_2": {
      "locked": {
        "lastModified": 1627441313,
        "narHash": "sha256-BekfolOuhZiwoXevbRocZu9Ba4+RGRdAp0QySL6koxM=",
        "owner": "nixos",
        "repo": "nixpkgs",
        "rev": "9ee8bd188933750be0584f285daf9a295d0c8930",
        "type": "github"
      },
      "original": {
        "owner": "nixos",
        "repo": "nixpkgs",
        "rev": "9ee8bd188933750be0584f285daf9a295d0c8930",
        "type": "github"
      }
    },
    "nixpkgs_3": {
      "locked": {
        "lastModified": 1628605906,
        "narHash": "sha256-XqCCPDIIG4zMPJ/V757FgzGM2zypcRb1BY7u/DqHKX0=",
        "owner": "NixOS",
        "repo": "nixpkgs",
        "rev": "fe01052444c1d66ed6ef76df2af798c9769e9e79",
        "type": "github"
      },
      "original": {
        "owner": "NixOS",
        "ref": "nixos-unstable",
        "repo": "nixpkgs",
        "type": "github"
      }
    },
    "root": {
      "inputs": {
        "emacs": "emacs",
        "home-manager": "home-manager",
        "neuron": "neuron",
        "nixos-hw": "nixos-hw",
        "nixpkgs": "nixpkgs_3"
      }
    }
  },
  "root": "root",
  "version": 7
}
