{
  "nodes": {
    "emacs": {
      "locked": {
        "lastModified": 1619978087,
        "narHash": "sha256-M9poJwCBFqR3ShKSMAqAetPUVFAUrMOWDd9KNsZR8IY=",
        "owner": "nix-community",
        "repo": "emacs-overlay",
        "rev": "f5d26cf242c781bdd7bee13cce05a09c7db71c98",
        "type": "github"
      },
      "original": {
        "owner": "nix-community",
        "repo": "emacs-overlay",
        "type": "github"
      }
    },
    "flake-compat": {
      "flake": false,
      "locked": {
        "lastModified": 1606424373,
        "narHash": "sha256-oq8d4//CJOrVj+EcOaSXvMebvuTkmBJuT5tzlfewUnQ=",
        "owner": "edolstra",
        "repo": "flake-compat",
        "rev": "99f1c2157fba4bfe6211a321fd0ee43199025dbf",
        "type": "github"
      },
      "original": {
        "owner": "edolstra",
        "repo": "flake-compat",
        "type": "github"
      }
    },
    "flake-utils": {
      "locked": {
        "lastModified": 1617631617,
        "narHash": "sha256-PARRCz55qN3gy07VJZIlFeOX420d0nGF0RzGI/9hVlw=",
        "owner": "numtide",
        "repo": "flake-utils",
        "rev": "b2c27d1a81b0dc266270fa8aeecebbd1807fc610",
        "type": "github"
      },
      "original": {
        "owner": "numtide",
        "repo": "flake-utils",
        "type": "github"
      }
    },
    "neuron": {
      "inputs": {
        "flake-compat": "flake-compat",
        "flake-utils": "flake-utils",
        "nixpkgs": "nixpkgs"
      },
      "locked": {
        "lastModified": 1619216730,
        "narHash": "sha256-WKYLFm+0QvGU2rx94SPdh6+yE3hMcj6mVfg3Ttem4i0=",
        "owner": "srid",
        "repo": "neuron",
        "rev": "49a4beb4c41400034ff4491c7e277a31cbb563c5",
        "type": "github"
      },
      "original": {
        "owner": "srid",
        "repo": "neuron",
        "type": "github"
      }
    },
    "nixos-hw": {
      "locked": {
        "lastModified": 1619336929,
        "narHash": "sha256-joIC2D26jtSbHodR/o8r+5T9XL2hXs6NIp5mVyA4JOc=",
        "owner": "NixOS",
        "repo": "nixos-hardware",
        "rev": "f7540d6c27704ec0fe56ecc8b2a9b663181850b0",
        "type": "github"
      },
      "original": {
        "owner": "NixOS",
        "repo": "nixos-hardware",
        "type": "github"
      }
    },
    "nixpkgs": {
      "locked": {
        "lastModified": 1618306168,
        "narHash": "sha256-/IOtgzdEaiEqRVn6OhpekuYhRHfCm299Bqts5QqQVko=",
        "owner": "nixos",
        "repo": "nixpkgs",
        "rev": "4c87cb87a2db6b9eb43541c1cf83f2a2f725fa25",
        "type": "github"
      },
      "original": {
        "owner": "nixos",
        "repo": "nixpkgs",
        "rev": "4c87cb87a2db6b9eb43541c1cf83f2a2f725fa25",
        "type": "github"
      }
    },
    "nixpkgs_2": {
      "locked": {
        "lastModified": 1619464443,
        "narHash": "sha256-R7WAb8EnkIJxxaF6GTHUPytjonhB4Zm0iatyWoW169A=",
        "owner": "NixOS",
        "repo": "nixpkgs",
        "rev": "8e4fe32876ca15e3d5eb3ecd3ca0b224417f5f17",
        "type": "github"
      },
      "original": {
        "owner": "NixOS",
        "ref": "nixos-unstable",
        "repo": "nixpkgs",
        "type": "github"
      }
    },
    "root": {
      "inputs": {
        "emacs": "emacs",
        "neuron": "neuron",
        "nixos-hw": "nixos-hw",
        "nixpkgs": "nixpkgs_2"
      }
    }
  },
  "root": "root",
  "version": 7
}
